{
  "name": "dashboard-adv",
  "lockfileVersion": 3,
  "requires": true,
  "packages": {
    "": {
      "dependencies": {
        "@google/gemini-cli": "github:google-gemini/gemini-cli"
      }
    },
    "node_modules/@google/gemini-cli": {
      "version": "0.1.11",
      "resolved": "git+ssh://git@github.com/google-gemini/gemini-cli.git#b3cbde5cf396026635675aff5d7bc6fd30e1553d",
      "workspaces": [
        "packages/*"
      ],
      "bin": {
        "gemini": "bundle/gemini.js"
      },
      "engines": {
        "node": ">=20.0.0"
      }
    }
  }
}
